<?xml version="1.0" encoding="utf-8"?>
<Project ToolsVersion="4.0" xmlns="http://schemas.microsoft.com/developer/msbuild/2003">
  <ItemGroup>
    <Filter Include="소스 파일">
      <UniqueIdentifier>{4FC737F1-C7A5-4376-A066-2A32D752A2FF}</UniqueIdentifier>
      <Extensions>cpp;c;cc;cxx;def;odl;idl;hpj;bat;asm;asmx</Extensions>
    </Filter>
    <Filter Include="헤더 파일">
      <UniqueIdentifier>{93995380-89BD-4b04-88EB-625FBE52EBFB}</UniqueIdentifier>
      <Extensions>h;hh;hpp;hxx;hm;inl;inc;ipp;xsd</Extensions>
    </Filter>
    <Filter Include="리소스 파일">
      <UniqueIdentifier>{67DA6AB6-F800-4c08-8B7A-83BB121AAD01}</UniqueIdentifier>
      <Extensions>rc;ico;cur;bmp;dlg;rc2;rct;bin;rgs;gif;jpg;jpeg;jpe;resx;tiff;tif;png;wav;mfcribbon-ms</Extensions>
    </Filter>
    <Filter Include="소스 파일\Stack">
      <UniqueIdentifier>{5368281f-cac5-4b7b-99a8-b6b7c25ebdb7}</UniqueIdentifier>
    </Filter>
    <Filter Include="소스 파일\Singly Linked List">
      <UniqueIdentifier>{088199f1-d8eb-4f9c-a274-9ea7e4a5d8e2}</UniqueIdentifier>
    </Filter>
    <Filter Include="소스 파일\Singly Linked List\Singly Linkde List Example">
      <UniqueIdentifier>{dccbde29-7392-4164-a4b3-b863f0a946a3}</UniqueIdentifier>
    </Filter>
    <Filter Include="소스 파일\Singly Linked List\Student Score Management Program">
      <UniqueIdentifier>{e22f2abb-8359-420c-b5b5-e45502070339}</UniqueIdentifier>
    </Filter>
  </ItemGroup>
  <ItemGroup>
    <Text Include="data.txt">
      <Filter>소스 파일\Stack</Filter>
    </Text>
    <Text Include="C:\Users\thd93\source\repos\실습_과제_3\data.txt">
      <Filter>소스 파일\Singly Linked List\Singly Linkde List Example</Filter>
    </Text>
    <Text Include="C:\Users\thd93\source\repos\자료구조_실습_과제_3\data.txt">
      <Filter>소스 파일\Singly Linked List\Student Score Management Program</Filter>
    </Text>
  </ItemGroup>
  <ItemGroup>
    <ClCompile Include="C:\Users\thd93\source\repos\실습_과제_3\Linkedlist_Example.c">
      <Filter>소스 파일\Singly Linked List\Singly Linkde List Example</Filter>
    </ClCompile>
    <ClCompile Include="C:\Users\thd93\source\repos\자료구조_실습_과제_3\Student Score Management Program.c">
      <Filter>소스 파일\Singly Linked List\Student Score Management Program</Filter>
    </ClCompile>
    <ClCompile Include="Brace Check Program.c">
      <Filter>소스 파일\Stack</Filter>
    </ClCompile>
  </ItemGroup>
</Project>